// !$*UTF8*$!
{
	archiveVersion = 1;
	classes = {
	};
	objectVersion = 55;
	objects = {

/* Begin PBXBuildFile section */
		EE8888A1282C56A6005A47FA /* AppDelegate.swift in Sources */ = {isa = PBXBuildFile; fileRef = EE8888A0282C56A6005A47FA /* AppDelegate.swift */; };
		EE8888A3282C56A6005A47FA /* SceneDelegate.swift in Sources */ = {isa = PBXBuildFile; fileRef = EE8888A2282C56A6005A47FA /* SceneDelegate.swift */; };
		EE8888A5282C56A6005A47FA /* ViewController.swift in Sources */ = {isa = PBXBuildFile; fileRef = EE8888A4282C56A6005A47FA /* ViewController.swift */; };
		EE8888A8282C56A6005A47FA /* Main.storyboard in Resources */ = {isa = PBXBuildFile; fileRef = EE8888A6282C56A6005A47FA /* Main.storyboard */; };
		EE8888AA282C56AB005A47FA /* Assets.xcassets in Resources */ = {isa = PBXBuildFile; fileRef = EE8888A9282C56AB005A47FA /* Assets.xcassets */; };
		EE8888AD282C56AB005A47FA /* LaunchScreen.storyboard in Resources */ = {isa = PBXBuildFile; fileRef = EE8888AB282C56AB005A47FA /* LaunchScreen.storyboard */; };
		EE8888B8282C56AB005A47FA /* taskAppTests.swift in Sources */ = {isa = PBXBuildFile; fileRef = EE8888B7282C56AB005A47FA /* taskAppTests.swift */; };
		EE8888C2282C56AB005A47FA /* taskAppUITests.swift in Sources */ = {isa = PBXBuildFile; fileRef = EE8888C1282C56AB005A47FA /* taskAppUITests.swift */; };
		EE8888C4282C56AB005A47FA /* taskAppUITestsLaunchTests.swift in Sources */ = {isa = PBXBuildFile; fileRef = EE8888C3282C56AB005A47FA /* taskAppUITestsLaunchTests.swift */; };
		EE8888D1282C5B91005A47FA /* ResgisterTaskViewController.swift in Sources */ = {isa = PBXBuildFile; fileRef = EE8888D0282C5B91005A47FA /* ResgisterTaskViewController.swift */; };
		EE8888D3282C5BBB005A47FA /* TaskTableViewCell.swift in Sources */ = {isa = PBXBuildFile; fileRef = EE8888D2282C5BBB005A47FA /* TaskTableViewCell.swift */; };
		EE8888D5282C5FAF005A47FA /* Task.swift in Sources */ = {isa = PBXBuildFile; fileRef = EE8888D4282C5FAF005A47FA /* Task.swift */; };
		EE8888D7282C6315005A47FA /* TaskDetailsViewController.swift in Sources */ = {isa = PBXBuildFile; fileRef = EE8888D6282C6315005A47FA /* TaskDetailsViewController.swift */; };
/* End PBXBuildFile section */

/* Begin PBXContainerItemProxy section */
		EE8888B4282C56AB005A47FA /* PBXContainerItemProxy */ = {
			isa = PBXContainerItemProxy;
			containerPortal = EE888895282C56A6005A47FA /* Project object */;
			proxyType = 1;
			remoteGlobalIDString = EE88889C282C56A6005A47FA;
			remoteInfo = taskApp;
		};
		EE8888BE282C56AB005A47FA /* PBXContainerItemProxy */ = {
			isa = PBXContainerItemProxy;
			containerPortal = EE888895282C56A6005A47FA /* Project object */;
			proxyType = 1;
			remoteGlobalIDString = EE88889C282C56A6005A47FA;
			remoteInfo = taskApp;
		};
/* End PBXContainerItemProxy section */

/* Begin PBXFileReference section */
		EE88889D282C56A6005A47FA /* taskApp.app */ = {isa = PBXFileReference; explicitFileType = wrapper.application; includeInIndex = 0; path = taskApp.app; sourceTree = BUILT_PRODUCTS_DIR; };
		EE8888A0282C56A6005A47FA /* AppDelegate.swift */ = {isa = PBXFileReference; lastKnownFileType = sourcecode.swift; path = AppDelegate.swift; sourceTree = "<group>"; };
		EE8888A2282C56A6005A47FA /* SceneDelegate.swift */ = {isa = PBXFileReference; lastKnownFileType = sourcecode.swift; path = SceneDelegate.swift; sourceTree = "<group>"; };
		EE8888A4282C56A6005A47FA /* ViewController.swift */ = {isa = PBXFileReference; lastKnownFileType = sourcecode.swift; path = ViewController.swift; sourceTree = "<group>"; };
		EE8888A7282C56A6005A47FA /* Base */ = {isa = PBXFileReference; lastKnownFileType = file.storyboard; name = Base; path = Base.lproj/Main.storyboard; sourceTree = "<group>"; };
		EE8888A9282C56AB005A47FA /* Assets.xcassets */ = {isa = PBXFileReference; lastKnownFileType = folder.assetcatalog; path = Assets.xcassets; sourceTree = "<group>"; };
		EE8888AC282C56AB005A47FA /* Base */ = {isa = PBXFileReference; lastKnownFileType = file.storyboard; name = Base; path = Base.lproj/LaunchScreen.storyboard; sourceTree = "<group>"; };
		EE8888AE282C56AB005A47FA /* Info.plist */ = {isa = PBXFileReference; lastKnownFileType = text.plist.xml; path = Info.plist; sourceTree = "<group>"; };
		EE8888B3282C56AB005A47FA /* taskAppTests.xctest */ = {isa = PBXFileReference; explicitFileType = wrapper.cfbundle; includeInIndex = 0; path = taskAppTests.xctest; sourceTree = BUILT_PRODUCTS_DIR; };
		EE8888B7282C56AB005A47FA /* taskAppTests.swift */ = {isa = PBXFileReference; lastKnownFileType = sourcecode.swift; path = taskAppTests.swift; sourceTree = "<group>"; };
		EE8888BD282C56AB005A47FA /* taskAppUITests.xctest */ = {isa = PBXFileReference; explicitFileType = wrapper.cfbundle; includeInIndex = 0; path = taskAppUITests.xctest; sourceTree = BUILT_PRODUCTS_DIR; };
		EE8888C1282C56AB005A47FA /* taskAppUITests.swift */ = {isa = PBXFileReference; lastKnownFileType = sourcecode.swift; path = taskAppUITests.swift; sourceTree = "<group>"; };
		EE8888C3282C56AB005A47FA /* taskAppUITestsLaunchTests.swift */ = {isa = PBXFileReference; lastKnownFileType = sourcecode.swift; path = taskAppUITestsLaunchTests.swift; sourceTree = "<group>"; };
		EE8888D0282C5B91005A47FA /* ResgisterTaskViewController.swift */ = {isa = PBXFileReference; lastKnownFileType = sourcecode.swift; path = ResgisterTaskViewController.swift; sourceTree = "<group>"; };
		EE8888D2282C5BBB005A47FA /* TaskTableViewCell.swift */ = {isa = PBXFileReference; lastKnownFileType = sourcecode.swift; path = TaskTableViewCell.swift; sourceTree = "<group>"; };
		EE8888D4282C5FAF005A47FA /* Task.swift */ = {isa = PBXFileReference; lastKnownFileType = sourcecode.swift; path = Task.swift; sourceTree = "<group>"; };
		EE8888D6282C6315005A47FA /* TaskDetailsViewController.swift */ = {isa = PBXFileReference; lastKnownFileType = sourcecode.swift; path = TaskDetailsViewController.swift; sourceTree = "<group>"; };
/* End PBXFileReference section */

/* Begin PBXFrameworksBuildPhase section */
		EE88889A282C56A6005A47FA /* Frameworks */ = {
			isa = PBXFrameworksBuildPhase;
			buildActionMask = 2147483647;
			files = (
			);
			runOnlyForDeploymentPostprocessing = 0;
		};
		EE8888B0282C56AB005A47FA /* Frameworks */ = {
			isa = PBXFrameworksBuildPhase;
			buildActionMask = 2147483647;
			files = (
			);
			runOnlyForDeploymentPostprocessing = 0;
		};
		EE8888BA282C56AB005A47FA /* Frameworks */ = {
			isa = PBXFrameworksBuildPhase;
			buildActionMask = 2147483647;
			files = (
			);
			runOnlyForDeploymentPostprocessing = 0;
		};
/* End PBXFrameworksBuildPhase section */

/* Begin PBXGroup section */
		EE888894282C56A6005A47FA = {
			isa = PBXGroup;
			children = (
				EE88889F282C56A6005A47FA /* taskApp */,
				EE8888B6282C56AB005A47FA /* taskAppTests */,
				EE8888C0282C56AB005A47FA /* taskAppUITests */,
				EE88889E282C56A6005A47FA /* Products */,
			);
			sourceTree = "<group>";
		};
		EE88889E282C56A6005A47FA /* Products */ = {
			isa = PBXGroup;
			children = (
				EE88889D282C56A6005A47FA /* taskApp.app */,
				EE8888B3282C56AB005A47FA /* taskAppTests.xctest */,
				EE8888BD282C56AB005A47FA /* taskAppUITests.xctest */,
			);
			name = Products;
			sourceTree = "<group>";
		};
		EE88889F282C56A6005A47FA /* taskApp */ = {
			isa = PBXGroup;
			children = (
				EE8888A0282C56A6005A47FA /* AppDelegate.swift */,
				EE8888A2282C56A6005A47FA /* SceneDelegate.swift */,
				EE8888D4282C5FAF005A47FA /* Task.swift */,
				EE8888A4282C56A6005A47FA /* ViewController.swift */,
				EE8888D6282C6315005A47FA /* TaskDetailsViewController.swift */,
				EE8888A6282C56A6005A47FA /* Main.storyboard */,
				EE8888D2282C5BBB005A47FA /* TaskTableViewCell.swift */,
				EE8888D0282C5B91005A47FA /* ResgisterTaskViewController.swift */,
				EE8888A9282C56AB005A47FA /* Assets.xcassets */,
				EE8888AB282C56AB005A47FA /* LaunchScreen.storyboard */,
				EE8888AE282C56AB005A47FA /* Info.plist */,
			);
			path = taskApp;
			sourceTree = "<group>";
		};
		EE8888B6282C56AB005A47FA /* taskAppTests */ = {
			isa = PBXGroup;
			children = (
				EE8888B7282C56AB005A47FA /* taskAppTests.swift */,
			);
			path = taskAppTests;
			sourceTree = "<group>";
		};
		EE8888C0282C56AB005A47FA /* taskAppUITests */ = {
			isa = PBXGroup;
			children = (
				EE8888C1282C56AB005A47FA /* taskAppUITests.swift */,
				EE8888C3282C56AB005A47FA /* taskAppUITestsLaunchTests.swift */,
			);
			path = taskAppUITests;
			sourceTree = "<group>";
		};
/* End PBXGroup section */

/* Begin PBXNativeTarget section */
		EE88889C282C56A6005A47FA /* taskApp */ = {
			isa = PBXNativeTarget;
			buildConfigurationList = EE8888C7282C56AB005A47FA /* Build configuration list for PBXNativeTarget "taskApp" */;
			buildPhases = (
				EE888899282C56A6005A47FA /* Sources */,
				EE88889A282C56A6005A47FA /* Frameworks */,
				EE88889B282C56A6005A47FA /* Resources */,
			);
			buildRules = (
			);
			dependencies = (
			);
			name = taskApp;
			productName = taskApp;
			productReference = EE88889D282C56A6005A47FA /* taskApp.app */;
			productType = "com.apple.product-type.application";
		};
		EE8888B2282C56AB005A47FA /* taskAppTests */ = {
			isa = PBXNativeTarget;
			buildConfigurationList = EE8888CA282C56AB005A47FA /* Build configuration list for PBXNativeTarget "taskAppTests" */;
			buildPhases = (
				EE8888AF282C56AB005A47FA /* Sources */,
				EE8888B0282C56AB005A47FA /* Frameworks */,
				EE8888B1282C56AB005A47FA /* Resources */,
			);
			buildRules = (
			);
			dependencies = (
				EE8888B5282C56AB005A47FA /* PBXTargetDependency */,
			);
			name = taskAppTests;
			productName = taskAppTests;
			productReference = EE8888B3282C56AB005A47FA /* taskAppTests.xctest */;
			productType = "com.apple.product-type.bundle.unit-test";
		};
		EE8888BC282C56AB005A47FA /* taskAppUITests */ = {
			isa = PBXNativeTarget;
			buildConfigurationList = EE8888CD282C56AB005A47FA /* Build configuration list for PBXNativeTarget "taskAppUITests" */;
			buildPhases = (
				EE8888B9282C56AB005A47FA /* Sources */,
				EE8888BA282C56AB005A47FA /* Frameworks */,
				EE8888BB282C56AB005A47FA /* Resources */,
			);
			buildRules = (
			);
			dependencies = (
				EE8888BF282C56AB005A47FA /* PBXTargetDependency */,
			);
			name = taskAppUITests;
			productName = taskAppUITests;
			productReference = EE8888BD282C56AB005A47FA /* taskAppUITests.xctest */;
			productType = "com.apple.product-type.bundle.ui-testing";
		};
/* End PBXNativeTarget section */

/* Begin PBXProject section */
		EE888895282C56A6005A47FA /* Project object */ = {
			isa = PBXProject;
			attributes = {
				BuildIndependentTargetsInParallel = 1;
				LastSwiftUpdateCheck = 1320;
				LastUpgradeCheck = 1320;
				TargetAttributes = {
					EE88889C282C56A6005A47FA = {
						CreatedOnToolsVersion = 13.2.1;
					};
					EE8888B2282C56AB005A47FA = {
						CreatedOnToolsVersion = 13.2.1;
						TestTargetID = EE88889C282C56A6005A47FA;
					};
					EE8888BC282C56AB005A47FA = {
						CreatedOnToolsVersion = 13.2.1;
						TestTargetID = EE88889C282C56A6005A47FA;
					};
				};
			};
			buildConfigurationList = EE888898282C56A6005A47FA /* Build configuration list for PBXProject "taskApp" */;
			compatibilityVersion = "Xcode 13.0";
			developmentRegion = en;
			hasScannedForEncodings = 0;
			knownRegions = (
				en,
				Base,
			);
			mainGroup = EE888894282C56A6005A47FA;
			productRefGroup = EE88889E282C56A6005A47FA /* Products */;
			projectDirPath = "";
			projectRoot = "";
			targets = (
				EE88889C282C56A6005A47FA /* taskApp */,
				EE8888B2282C56AB005A47FA /* taskAppTests */,
				EE8888BC282C56AB005A47FA /* taskAppUITests */,
			);
		};
/* End PBXProject section */

/* Begin PBXResourcesBuildPhase section */
		EE88889B282C56A6005A47FA /* Resources */ = {
			isa = PBXResourcesBuildPhase;
			buildActionMask = 2147483647;
			files = (
				EE8888AD282C56AB005A47FA /* LaunchScreen.storyboard in Resources */,
				EE8888AA282C56AB005A47FA /* Assets.xcassets in Resources */,
				EE8888A8282C56A6005A47FA /* Main.storyboard in Resources */,
			);
			runOnlyForDeploymentPostprocessing = 0;
		};
		EE8888B1282C56AB005A47FA /* Resources */ = {
			isa = PBXResourcesBuildPhase;
			buildActionMask = 2147483647;
			files = (
			);
			runOnlyForDeploymentPostprocessing = 0;
		};
		EE8888BB282C56AB005A47FA /* Resources */ = {
			isa = PBXResourcesBuildPhase;
			buildActionMask = 2147483647;
			files = (
			);
			runOnlyForDeploymentPostprocessing = 0;
		};
/* End PBXResourcesBuildPhase section */

/* Begin PBXSourcesBuildPhase section */
		EE888899282C56A6005A47FA /* Sources */ = {
			isa = PBXSourcesBuildPhase;
			buildActionMask = 2147483647;
			files = (
				EE8888D7282C6315005A47FA /* TaskDetailsViewController.swift in Sources */,
				EE8888D1282C5B91005A47FA /* ResgisterTaskViewController.swift in Sources */,
				EE8888A5282C56A6005A47FA /* ViewController.swift in Sources */,
				EE8888D3282C5BBB005A47FA /* TaskTableViewCell.swift in Sources */,
				EE8888A1282C56A6005A47FA /* AppDelegate.swift in Sources */,
				EE8888D5282C5FAF005A47FA /* Task.swift in Sources */,
				EE8888A3282C56A6005A47FA /* SceneDelegate.swift in Sources */,
			);
			runOnlyForDeploymentPostprocessing = 0;
		};
		EE8888AF282C56AB005A47FA /* Sources */ = {
			isa = PBXSourcesBuildPhase;
			buildActionMask = 2147483647;
			files = (
				EE8888B8282C56AB005A47FA /* taskAppTests.swift in Sources */,
			);
			runOnlyForDeploymentPostprocessing = 0;
		};
		EE8888B9282C56AB005A47FA /* Sources */ = {
			isa = PBXSourcesBuildPhase;
			buildActionMask = 2147483647;
			files = (
				EE8888C2282C56AB005A47FA /* taskAppUITests.swift in Sources */,
				EE8888C4282C56AB005A47FA /* taskAppUITestsLaunchTests.swift in Sources */,
			);
			runOnlyForDeploymentPostprocessing = 0;
		};
/* End PBXSourcesBuildPhase section */

/* Begin PBXTargetDependency section */
		EE8888B5282C56AB005A47FA /* PBXTargetDependency */ = {
			isa = PBXTargetDependency;
			target = EE88889C282C56A6005A47FA /* taskApp */;
			targetProxy = EE8888B4282C56AB005A47FA /* PBXContainerItemProxy */;
		};
		EE8888BF282C56AB005A47FA /* PBXTargetDependency */ = {
			isa = PBXTargetDependency;
			target = EE88889C282C56A6005A47FA /* taskApp */;
			targetProxy = EE8888BE282C56AB005A47FA /* PBXContainerItemProxy */;
		};
/* End PBXTargetDependency section */

/* Begin PBXVariantGroup section */
		EE8888A6282C56A6005A47FA /* Main.storyboard */ = {
			isa = PBXVariantGroup;
			children = (
				EE8888A7282C56A6005A47FA /* Base */,
			);
			name = Main.storyboard;
			sourceTree = "<group>";
		};
		EE8888AB282C56AB005A47FA /* LaunchScreen.storyboard */ = {
			isa = PBXVariantGroup;
			children = (
				EE8888AC282C56AB005A47FA /* Base */,
			);
			name = LaunchScreen.storyboard;
			sourceTree = "<group>";
		};
/* End PBXVariantGroup section */

/* Begin XCBuildConfiguration section */
		EE8888C5282C56AB005A47FA /* Debug */ = {
			isa = XCBuildConfiguration;
			buildSettings = {
				ALWAYS_SEARCH_USER_PATHS = NO;
				CLANG_ANALYZER_NONNULL = YES;
				CLANG_ANALYZER_NUMBER_OBJECT_CONVERSION = YES_AGGRESSIVE;
				CLANG_CXX_LANGUAGE_STANDARD = "gnu++17";
				CLANG_CXX_LIBRARY = "libc++";
				CLANG_ENABLE_MODULES = YES;
				CLANG_ENABLE_OBJC_ARC = YES;
				CLANG_ENABLE_OBJC_WEAK = YES;
				CLANG_WARN_BLOCK_CAPTURE_AUTORELEASING = YES;
				CLANG_WARN_BOOL_CONVERSION = YES;
				CLANG_WARN_COMMA = YES;
				CLANG_WARN_CONSTANT_CONVERSION = YES;
				CLANG_WARN_DEPRECATED_OBJC_IMPLEMENTATIONS = YES;
				CLANG_WARN_DIRECT_OBJC_ISA_USAGE = YES_ERROR;
				CLANG_WARN_DOCUMENTATION_COMMENTS = YES;
				CLANG_WARN_EMPTY_BODY = YES;
				CLANG_WARN_ENUM_CONVERSION = YES;
				CLANG_WARN_INFINITE_RECURSION = YES;
				CLANG_WARN_INT_CONVERSION = YES;
				CLANG_WARN_NON_LITERAL_NULL_CONVERSION = YES;
				CLANG_WARN_OBJC_IMPLICIT_RETAIN_SELF = YES;
				CLANG_WARN_OBJC_LITERAL_CONVERSION = YES;
				CLANG_WARN_OBJC_ROOT_CLASS = YES_ERROR;
				CLANG_WARN_QUOTED_INCLUDE_IN_FRAMEWORK_HEADER = YES;
				CLANG_WARN_RANGE_LOOP_ANALYSIS = YES;
				CLANG_WARN_STRICT_PROTOTYPES = YES;
				CLANG_WARN_SUSPICIOUS_MOVE = YES;
				CLANG_WARN_UNGUARDED_AVAILABILITY = YES_AGGRESSIVE;
				CLANG_WARN_UNREACHABLE_CODE = YES;
				CLANG_WARN__DUPLICATE_METHOD_MATCH = YES;
				COPY_PHASE_STRIP = NO;
				DEBUG_INFORMATION_FORMAT = dwarf;
				ENABLE_STRICT_OBJC_MSGSEND = YES;
				ENABLE_TESTABILITY = YES;
				GCC_C_LANGUAGE_STANDARD = gnu11;
				GCC_DYNAMIC_NO_PIC = NO;
				GCC_NO_COMMON_BLOCKS = YES;
				GCC_OPTIMIZATION_LEVEL = 0;
				GCC_PREPROCESSOR_DEFINITIONS = (
					"DEBUG=1",
					"$(inherited)",
				);
				GCC_WARN_64_TO_32_BIT_CONVERSION = YES;
				GCC_WARN_ABOUT_RETURN_TYPE = YES_ERROR;
				GCC_WARN_UNDECLARED_SELECTOR = YES;
				GCC_WARN_UNINITIALIZED_AUTOS = YES_AGGRESSIVE;
				GCC_WARN_UNUSED_FUNCTION = YES;
				GCC_WARN_UNUSED_VARIABLE = YES;
				IPHONEOS_DEPLOYMENT_TARGET = 15.2;
				MTL_ENABLE_DEBUG_INFO = INCLUDE_SOURCE;
				MTL_FAST_MATH = YES;
				ONLY_ACTIVE_ARCH = YES;
				SDKROOT = iphoneos;
				SWIFT_ACTIVE_COMPILATION_CONDITIONS = DEBUG;
				SWIFT_OPTIMIZATION_LEVEL = "-Onone";
			};
			name = Debug;
		};
		EE8888C6282C56AB005A47FA /* Release */ = {
			isa = XCBuildConfiguration;
			buildSettings = {
				ALWAYS_SEARCH_USER_PATHS = NO;
				CLANG_ANALYZER_NONNULL = YES;
				CLANG_ANALYZER_NUMBER_OBJECT_CONVERSION = YES_AGGRESSIVE;
				CLANG_CXX_LANGUAGE_STANDARD = "gnu++17";
				CLANG_CXX_LIBRARY = "libc++";
				CLANG_ENABLE_MODULES = YES;
				CLANG_ENABLE_OBJC_ARC = YES;
				CLANG_ENABLE_OBJC_WEAK = YES;
				CLANG_WARN_BLOCK_CAPTURE_AUTORELEASING = YES;
				CLANG_WARN_BOOL_CONVERSION = YES;
				CLANG_WARN_COMMA = YES;
				CLANG_WARN_CONSTANT_CONVERSION = YES;
				CLANG_WARN_DEPRECATED_OBJC_IMPLEMENTATIONS = YES;
				CLANG_WARN_DIRECT_OBJC_ISA_USAGE = YES_ERROR;
				CLANG_WARN_DOCUMENTATION_COMMENTS = YES;
				CLANG_WARN_EMPTY_BODY = YES;
				CLANG_WARN_ENUM_CONVERSION = YES;
				CLANG_WARN_INFINITE_RECURSION = YES;
				CLANG_WARN_INT_CONVERSION = YES;
				CLANG_WARN_NON_LITERAL_NULL_CONVERSION = YES;
				CLANG_WARN_OBJC_IMPLICIT_RETAIN_SELF = YES;
				CLANG_WARN_OBJC_LITERAL_CONVERSION = YES;
				CLANG_WARN_OBJC_ROOT_CLASS = YES_ERROR;
				CLANG_WARN_QUOTED_INCLUDE_IN_FRAMEWORK_HEADER = YES;
				CLANG_WARN_RANGE_LOOP_ANALYSIS = YES;
				CLANG_WARN_STRICT_PROTOTYPES = YES;
				CLANG_WARN_SUSPICIOUS_MOVE = YES;
				CLANG_WARN_UNGUARDED_AVAILABILITY = YES_AGGRESSIVE;
				CLANG_WARN_UNREACHABLE_CODE = YES;
				CLANG_WARN__DUPLICATE_METHOD_MATCH = YES;
				COPY_PHASE_STRIP = NO;
				DEBUG_INFORMATION_FORMAT = "dwarf-with-dsym";
				ENABLE_NS_ASSERTIONS = NO;
				ENABLE_STRICT_OBJC_MSGSEND = YES;
				GCC_C_LANGUAGE_STANDARD = gnu11;
				GCC_NO_COMMON_BLOCKS = YES;
				GCC_WARN_64_TO_32_BIT_CONVERSION = YES;
				GCC_WARN_ABOUT_RETURN_TYPE = YES_ERROR;
				GCC_WARN_UNDECLARED_SELECTOR = YES;
				GCC_WARN_UNINITIALIZED_AUTOS = YES_AGGRESSIVE;
				GCC_WARN_UNUSED_FUNCTION = YES;
				GCC_WARN_UNUSED_VARIABLE = YES;
				IPHONEOS_DEPLOYMENT_TARGET = 15.2;
				MTL_ENABLE_DEBUG_INFO = NO;
				MTL_FAST_MATH = YES;
				SDKROOT = iphoneos;
				SWIFT_COMPILATION_MODE = wholemodule;
				SWIFT_OPTIMIZATION_LEVEL = "-O";
				VALIDATE_PRODUCT = YES;
			};
			name = Release;
		};
		EE8888C8282C56AB005A47FA /* Debug */ = {
			isa = XCBuildConfiguration;
			buildSettings = {
				ASSETCATALOG_COMPILER_APPICON_NAME = AppIcon;
				ASSETCATALOG_COMPILER_GLOBAL_ACCENT_COLOR_NAME = AccentColor;
				CODE_SIGN_STYLE = Automatic;
				CURRENT_PROJECT_VERSION = 1;
				DEVELOPMENT_TEAM = N34W3XSZ62;
				GENERATE_INFOPLIST_FILE = YES;
				INFOPLIST_FILE = taskApp/Info.plist;
				INFOPLIST_KEY_UIApplicationSupportsIndirectInputEvents = YES;
				INFOPLIST_KEY_UILaunchStoryboardName = LaunchScreen;
				INFOPLIST_KEY_UIMainStoryboardFile = Main;
				INFOPLIST_KEY_UISupportedInterfaceOrientations_iPad = "UIInterfaceOrientationPortrait UIInterfaceOrientationPortraitUpsideDown UIInterfaceOrientationLandscapeLeft UIInterfaceOrientationLandscapeRight";
				INFOPLIST_KEY_UISupportedInterfaceOrientations_iPhone = "UIInterfaceOrientationPortrait UIInterfaceOrientationLandscapeLeft UIInterfaceOrientationLandscapeRight";
				LD_RUNPATH_SEARCH_PATHS = (
					"$(inherited)",
					"@executable_path/Frameworks",
				);
				MARKETING_VERSION = 1.0;
				PRODUCT_BUNDLE_IDENTIFIER = teste.taskApp;
				PRODUCT_NAME = "$(TARGET_NAME)";
				SWIFT_EMIT_LOC_STRINGS = YES;
				SWIFT_VERSION = 5.0;
				TARGETED_DEVICE_FAMILY = "1,2";
			};
			name = Debug;
		};
		EE8888C9282C56AB005A47FA /* Release */ = {
			isa = XCBuildConfiguration;
			buildSettings = {
				ASSETCATALOG_COMPILER_APPICON_NAME = AppIcon;
				ASSETCATALOG_COMPILER_GLOBAL_ACCENT_COLOR_NAME = AccentColor;
				CODE_SIGN_STYLE = Automatic;
				CURRENT_PROJECT_VERSION = 1;
				DEVELOPMENT_TEAM = N34W3XSZ62;
				GENERATE_INFOPLIST_FILE = YES;
				INFOPLIST_FILE = taskApp/Info.plist;
				INFOPLIST_KEY_UIApplicationSupportsIndirectInputEvents = YES;
				INFOPLIST_KEY_UILaunchStoryboardName = LaunchScreen;
				INFOPLIST_KEY_UIMainStoryboardFile = Main;
				INFOPLIST_KEY_UISupportedInterfaceOrientations_iPad = "UIInterfaceOrientationPortrait UIInterfaceOrientationPortraitUpsideDown UIInterfaceOrientationLandscapeLeft UIInterfaceOrientationLandscapeRight";
				INFOPLIST_KEY_UISupportedInterfaceOrientations_iPhone = "UIInterfaceOrientationPortrait UIInterfaceOrientationLandscapeLeft UIInterfaceOrientationLandscapeRight";
				LD_RUNPATH_SEARCH_PATHS = (
					"$(inherited)",
					"@executable_path/Frameworks",
				);
				MARKETING_VERSION = 1.0;
				PRODUCT_BUNDLE_IDENTIFIER = teste.taskApp;
				PRODUCT_NAME = "$(TARGET_NAME)";
				SWIFT_EMIT_LOC_STRINGS = YES;
				SWIFT_VERSION = 5.0;
				TARGETED_DEVICE_FAMILY = "1,2";
			};
			name = Release;
		};
		EE8888CB282C56AB005A47FA /* Debug */ = {
			isa = XCBuildConfiguration;
			buildSettings = {
				ALWAYS_EMBED_SWIFT_STANDARD_LIBRARIES = YES;
				BUNDLE_LOADER = "$(TEST_HOST)";
				CODE_SIGN_STYLE = Automatic;
				CURRENT_PROJECT_VERSION = 1;
				DEVELOPMENT_TEAM = N34W3XSZ62;
				GENERATE_INFOPLIST_FILE = YES;
				IPHONEOS_DEPLOYMENT_TARGET = 15.2;
				MARKETING_VERSION = 1.0;
				PRODUCT_BUNDLE_IDENTIFIER = teste.taskAppTests;
				PRODUCT_NAME = "$(TARGET_NAME)";
				SWIFT_EMIT_LOC_STRINGS = NO;
				SWIFT_VERSION = 5.0;
				TARGETED_DEVICE_FAMILY = "1,2";
				TEST_HOST = "$(BUILT_PRODUCTS_DIR)/taskApp.app/taskApp";
			};
			name = Debug;
		};
		EE8888CC282C56AB005A47FA /* Release */ = {
			isa = XCBuildConfiguration;
			buildSettings = {
				ALWAYS_EMBED_SWIFT_STANDARD_LIBRARIES = YES;
				BUNDLE_LOADER = "$(TEST_HOST)";
				CODE_SIGN_STYLE = Automatic;
				CURRENT_PROJECT_VERSION = 1;
				DEVELOPMENT_TEAM = N34W3XSZ62;
				GENERATE_INFOPLIST_FILE = YES;
				IPHONEOS_DEPLOYMENT_TARGET = 15.2;
				MARKETING_VERSION = 1.0;
				PRODUCT_BUNDLE_IDENTIFIER = teste.taskAppTests;
				PRODUCT_NAME = "$(TARGET_NAME)";
				SWIFT_EMIT_LOC_STRINGS = NO;
				SWIFT_VERSION = 5.0;
				TARGETED_DEVICE_FAMILY = "1,2";
				TEST_HOST = "$(BUILT_PRODUCTS_DIR)/taskApp.app/taskApp";
			};
			name = Release;
		};
		EE8888CE282C56AB005A47FA /* Debug */ = {
			isa = XCBuildConfiguration;
			buildSettings = {
				ALWAYS_EMBED_SWIFT_STANDARD_LIBRARIES = YES;
				CODE_SIGN_STYLE = Automatic;
				CURRENT_PROJECT_VERSION = 1;
				DEVELOPMENT_TEAM = N34W3XSZ62;
				GENERATE_INFOPLIST_FILE = YES;
				MARKETING_VERSION = 1.0;
				PRODUCT_BUNDLE_IDENTIFIER = teste.taskAppUITests;
				PRODUCT_NAME = "$(TARGET_NAME)";
				SWIFT_EMIT_LOC_STRINGS = NO;
				SWIFT_VERSION = 5.0;
				TARGETED_DEVICE_FAMILY = "1,2";
				TEST_TARGET_NAME = taskApp;
			};
			name = Debug;
		};
		EE8888CF282C56AB005A47FA /* Release */ = {
			isa = XCBuildConfiguration;
			buildSettings = {
				ALWAYS_EMBED_SWIFT_STANDARD_LIBRARIES = YES;
				CODE_SIGN_STYLE = Automatic;
				CURRENT_PROJECT_VERSION = 1;
				DEVELOPMENT_TEAM = N34W3XSZ62;
				GENERATE_INFOPLIST_FILE = YES;
				MARKETING_VERSION = 1.0;
				PRODUCT_BUNDLE_IDENTIFIER = teste.taskAppUITests;
				PRODUCT_NAME = "$(TARGET_NAME)";
				SWIFT_EMIT_LOC_STRINGS = NO;
				SWIFT_VERSION = 5.0;
				TARGETED_DEVICE_FAMILY = "1,2";
				TEST_TARGET_NAME = taskApp;
			};
			name = Release;
		};
/* End XCBuildConfiguration section */

/* Begin XCConfigurationList section */
		EE888898282C56A6005A47FA /* Build configuration list for PBXProject "taskApp" */ = {
			isa = XCConfigurationList;
			buildConfigurations = (
				EE8888C5282C56AB005A47FA /* Debug */,
				EE8888C6282C56AB005A47FA /* Release */,
			);
			defaultConfigurationIsVisible = 0;
			defaultConfigurationName = Release;
		};
		EE8888C7282C56AB005A47FA /* Build configuration list for PBXNativeTarget "taskApp" */ = {
			isa = XCConfigurationList;
			buildConfigurations = (
				EE8888C8282C56AB005A47FA /* Debug */,
				EE8888C9282C56AB005A47FA /* Release */,
			);
			defaultConfigurationIsVisible = 0;
			defaultConfigurationName = Release;
		};
		EE8888CA282C56AB005A47FA /* Build configuration list for PBXNativeTarget "taskAppTests" */ = {
			isa = XCConfigurationList;
			buildConfigurations = (
				EE8888CB282C56AB005A47FA /* Debug */,
				EE8888CC282C56AB005A47FA /* Release */,
			);
			defaultConfigurationIsVisible = 0;
			defaultConfigurationName = Release;
		};
		EE8888CD282C56AB005A47FA /* Build configuration list for PBXNativeTarget "taskAppUITests" */ = {
			isa = XCConfigurationList;
			buildConfigurations = (
				EE8888CE282C56AB005A47FA /* Debug */,
				EE8888CF282C56AB005A47FA /* Release */,
			);
			defaultConfigurationIsVisible = 0;
			defaultConfigurationName = Release;
		};
/* End XCConfigurationList section */
	};
	rootObject = EE888895282C56A6005A47FA /* Project object */;
}
